// !$*UTF8*$!
{
	archiveVersion = 1;
	classes = {
	};
	objectVersion = 48;
	objects = {

/* Begin PBXBuildFile section */
		498F1EA0207B3FE8001B9E2E /* Child.swift in Sources */ = {isa = PBXBuildFile; fileRef = 498F1E9F207B3FE8001B9E2E /* Child.swift */; };
		49D74CB5207ABBA5002906C9 /* ViewModel.swift in Sources */ = {isa = PBXBuildFile; fileRef = 49D74CB4207ABBA5002906C9 /* ViewModel.swift */; };
		49D74CB7207ABC03002906C9 /* DataBinder.swift in Sources */ = {isa = PBXBuildFile; fileRef = 49D74CB6207ABC03002906C9 /* DataBinder.swift */; };
		49D74CB9207AC2C1002906C9 /* ConcreteViewModel.swift in Sources */ = {isa = PBXBuildFile; fileRef = 49D74CB8207AC2C1002906C9 /* ConcreteViewModel.swift */; };
		49D74CBE207B3D25002906C9 /* Layout.swift in Sources */ = {isa = PBXBuildFile; fileRef = 49D74CBD207B3D25002906C9 /* Layout.swift */; };
/* End PBXBuildFile section */

/* Begin PBXFileReference section */
		498F1E9F207B3FE8001B9E2E /* Child.swift */ = {isa = PBXFileReference; lastKnownFileType = sourcecode.swift; path = Child.swift; sourceTree = "<group>"; };
		49D74CB3207ABB79002906C9 /* DesignLibrary.app */ = {isa = PBXFileReference; explicitFileType = wrapper.application; includeInIndex = 0; path = DesignLibrary.app; sourceTree = BUILT_PRODUCTS_DIR; };
		49D74CB4207ABBA5002906C9 /* ViewModel.swift */ = {isa = PBXFileReference; lastKnownFileType = sourcecode.swift; path = ViewModel.swift; sourceTree = "<group>"; };
		49D74CB6207ABC03002906C9 /* DataBinder.swift */ = {isa = PBXFileReference; lastKnownFileType = sourcecode.swift; path = DataBinder.swift; sourceTree = "<group>"; };
		49D74CB8207AC2C1002906C9 /* ConcreteViewModel.swift */ = {isa = PBXFileReference; lastKnownFileType = sourcecode.swift; path = ConcreteViewModel.swift; sourceTree = "<group>"; };
		49D74CBB207AD086002906C9 /* Coordinator.swift */ = {isa = PBXFileReference; lastKnownFileType = sourcecode.swift; path = Coordinator.swift; sourceTree = "<group>"; };
		49D74CBC207AD08A002906C9 /* AppCoordinator.swift */ = {isa = PBXFileReference; lastKnownFileType = sourcecode.swift; path = AppCoordinator.swift; sourceTree = "<group>"; };
		49D74CBD207B3D25002906C9 /* Layout.swift */ = {isa = PBXFileReference; lastKnownFileType = sourcecode.swift; path = Layout.swift; sourceTree = "<group>"; };
/* End PBXFileReference section */

/* Begin PBXFrameworksBuildPhase section */
		49BB17B3206D720A002F1A92 /* Frameworks */ = {
			isa = PBXFrameworksBuildPhase;
			buildActionMask = 2147483647;
			files = (
			);
			runOnlyForDeploymentPostprocessing = 0;
		};
/* End PBXFrameworksBuildPhase section */

/* Begin PBXGroup section */
		498F1E9E207B3FA5001B9E2E /* Transitions */ = {
			isa = PBXGroup;
			children = (
				498F1E9F207B3FE8001B9E2E /* Child.swift */,
			);
			path = Transitions;
			sourceTree = "<group>";
		};
		49BB17AD206D720A002F1A92 = {
			isa = PBXGroup;
			children = (
				49BB17CC206D7233002F1A92 /* UIPatterns */,
				49BB17CB206D721B002F1A92 /* DesignClasses */,
				49D74CB3207ABB79002906C9 /* DesignLibrary.app */,
			);
			sourceTree = "<group>";
		};
		49BB17CB206D721B002F1A92 /* DesignClasses */ = {
			isa = PBXGroup;
			children = (
			);
			path = DesignClasses;
			sourceTree = "<group>";
		};
		49BB17CC206D7233002F1A92 /* UIPatterns */ = {
			isa = PBXGroup;
			children = (
				498F1E9E207B3FA5001B9E2E /* Transitions */,
				49D74CBF207B3D2B002906C9 /* Layout */,
				49D74CBA207ACFE8002906C9 /* AppCoordinator */,
				49BB17CD206D723A002F1A92 /* MVVM */,
			);
			path = UIPatterns;
			sourceTree = "<group>";
		};
		49BB17CD206D723A002F1A92 /* MVVM */ = {
			isa = PBXGroup;
			children = (
				49D74CB4207ABBA5002906C9 /* ViewModel.swift */,
				49D74CB6207ABC03002906C9 /* DataBinder.swift */,
				49D74CB8207AC2C1002906C9 /* ConcreteViewModel.swift */,
			);
			path = MVVM;
			sourceTree = "<group>";
		};
		49D74CBA207ACFE8002906C9 /* AppCoordinator */ = {
			isa = PBXGroup;
			children = (
				49D74CBB207AD086002906C9 /* Coordinator.swift */,
				49D74CBC207AD08A002906C9 /* AppCoordinator.swift */,
			);
			path = AppCoordinator;
			sourceTree = "<group>";
		};
		49D74CBF207B3D2B002906C9 /* Layout */ = {
			isa = PBXGroup;
			children = (
				49D74CBD207B3D25002906C9 /* Layout.swift */,
			);
			path = Layout;
			sourceTree = "<group>";
		};
/* End PBXGroup section */

/* Begin PBXNativeTarget section */
		49BB17B5206D720A002F1A92 /* DesignLibrary */ = {
			isa = PBXNativeTarget;
			buildConfigurationList = 49BB17C8206D720A002F1A92 /* Build configuration list for PBXNativeTarget "DesignLibrary" */;
			buildPhases = (
				49BB17B2206D720A002F1A92 /* Sources */,
				49BB17B3206D720A002F1A92 /* Frameworks */,
				49BB17B4206D720A002F1A92 /* Resources */,
			);
			buildRules = (
			);
			dependencies = (
			);
			name = DesignLibrary;
			productName = DesignLibrary;
			productReference = 49D74CB3207ABB79002906C9 /* DesignLibrary.app */;
			productType = "com.apple.product-type.application";
		};
/* End PBXNativeTarget section */

/* Begin PBXProject section */
		49BB17AE206D720A002F1A92 /* Project object */ = {
			isa = PBXProject;
			attributes = {
				LastSwiftUpdateCheck = 0920;
				LastUpgradeCheck = 0920;
				ORGANIZATIONNAME = "Andrew Trukin";
				TargetAttributes = {
					49BB17B5206D720A002F1A92 = {
						CreatedOnToolsVersion = 9.2;
						LastSwiftMigration = 0920;
						ProvisioningStyle = Automatic;
					};
				};
			};
			buildConfigurationList = 49BB17B1206D720A002F1A92 /* Build configuration list for PBXProject "DesignLibrary" */;
			compatibilityVersion = "Xcode 8.0";
			developmentRegion = en;
			hasScannedForEncodings = 0;
			knownRegions = (
				en,
				Base,
			);
			mainGroup = 49BB17AD206D720A002F1A92;
			productRefGroup = 49BB17AD206D720A002F1A92;
			projectDirPath = "";
			projectRoot = "";
			targets = (
				49BB17B5206D720A002F1A92 /* DesignLibrary */,
			);
		};
/* End PBXProject section */

/* Begin PBXResourcesBuildPhase section */
		49BB17B4206D720A002F1A92 /* Resources */ = {
			isa = PBXResourcesBuildPhase;
			buildActionMask = 2147483647;
			files = (
			);
			runOnlyForDeploymentPostprocessing = 0;
		};
/* End PBXResourcesBuildPhase section */

/* Begin PBXSourcesBuildPhase section */
		49BB17B2206D720A002F1A92 /* Sources */ = {
			isa = PBXSourcesBuildPhase;
			buildActionMask = 2147483647;
			files = (
				49D74CB5207ABBA5002906C9 /* ViewModel.swift in Sources */,
				49D74CBE207B3D25002906C9 /* Layout.swift in Sources */,
				49D74CB7207ABC03002906C9 /* DataBinder.swift in Sources */,
				498F1EA0207B3FE8001B9E2E /* Child.swift in Sources */,
				49D74CB9207AC2C1002906C9 /* ConcreteViewModel.swift in Sources */,
			);
			runOnlyForDeploymentPostprocessing = 0;
		};
/* End PBXSourcesBuildPhase section */

/* Begin XCBuildConfiguration section */
		49BB17C6206D720A002F1A92 /* Debug */ = {
			isa = XCBuildConfiguration;
			buildSettings = {
				ALWAYS_SEARCH_USER_PATHS = NO;
				CLANG_ANALYZER_NONNULL = YES;
				CLANG_ANALYZER_NUMBER_OBJECT_CONVERSION = YES_AGGRESSIVE;
				CLANG_CXX_LANGUAGE_STANDARD = "gnu++14";
				CLANG_CXX_LIBRARY = "libc++";
				CLANG_ENABLE_MODULES = YES;
				CLANG_ENABLE_OBJC_ARC = YES;
				CLANG_WARN_BLOCK_CAPTURE_AUTORELEASING = YES;
				CLANG_WARN_BOOL_CONVERSION = YES;
				CLANG_WARN_COMMA = YES;
				CLANG_WARN_CONSTANT_CONVERSION = YES;
				CLANG_WARN_DIRECT_OBJC_ISA_USAGE = YES_ERROR;
				CLANG_WARN_DOCUMENTATION_COMMENTS = YES;
				CLANG_WARN_EMPTY_BODY = YES;
				CLANG_WARN_ENUM_CONVERSION = YES;
				CLANG_WARN_INFINITE_RECURSION = YES;
				CLANG_WARN_INT_CONVERSION = YES;
				CLANG_WARN_NON_LITERAL_NULL_CONVERSION = YES;
				CLANG_WARN_OBJC_LITERAL_CONVERSION = YES;
				CLANG_WARN_OBJC_ROOT_CLASS = YES_ERROR;
				CLANG_WARN_RANGE_LOOP_ANALYSIS = YES;
				CLANG_WARN_STRICT_PROTOTYPES = YES;
				CLANG_WARN_SUSPICIOUS_MOVE = YES;
				CLANG_WARN_UNGUARDED_AVAILABILITY = YES_AGGRESSIVE;
				CLANG_WARN_UNREACHABLE_CODE = YES;
				CLANG_WARN__DUPLICATE_METHOD_MATCH = YES;
				CODE_SIGN_IDENTITY = "iPhone Developer";
				COPY_PHASE_STRIP = NO;
				DEBUG_INFORMATION_FORMAT = dwarf;
				ENABLE_STRICT_OBJC_MSGSEND = YES;
				ENABLE_TESTABILITY = YES;
				GCC_C_LANGUAGE_STANDARD = gnu11;
				GCC_DYNAMIC_NO_PIC = NO;
				GCC_NO_COMMON_BLOCKS = YES;
				GCC_OPTIMIZATION_LEVEL = 0;
				GCC_PREPROCESSOR_DEFINITIONS = (
					"DEBUG=1",
					"$(inherited)",
				);
				GCC_WARN_64_TO_32_BIT_CONVERSION = YES;
				GCC_WARN_ABOUT_RETURN_TYPE = YES_ERROR;
				GCC_WARN_UNDECLARED_SELECTOR = YES;
				GCC_WARN_UNINITIALIZED_AUTOS = YES_AGGRESSIVE;
				GCC_WARN_UNUSED_FUNCTION = YES;
				GCC_WARN_UNUSED_VARIABLE = YES;
				IPHONEOS_DEPLOYMENT_TARGET = 11.2;
				MTL_ENABLE_DEBUG_INFO = YES;
				ONLY_ACTIVE_ARCH = YES;
				SDKROOT = iphoneos;
				SWIFT_ACTIVE_COMPILATION_CONDITIONS = DEBUG;
				SWIFT_OPTIMIZATION_LEVEL = "-Onone";
			};
			name = Debug;
		};
		49BB17C7206D720A002F1A92 /* Release */ = {
			isa = XCBuildConfiguration;
			buildSettings = {
				ALWAYS_SEARCH_USER_PATHS = NO;
				CLANG_ANALYZER_NONNULL = YES;
				CLANG_ANALYZER_NUMBER_OBJECT_CONVERSION = YES_AGGRESSIVE;
				CLANG_CXX_LANGUAGE_STANDARD = "gnu++14";
				CLANG_CXX_LIBRARY = "libc++";
				CLANG_ENABLE_MODULES = YES;
				CLANG_ENABLE_OBJC_ARC = YES;
				CLANG_WARN_BLOCK_CAPTURE_AUTORELEASING = YES;
				CLANG_WARN_BOOL_CONVERSION = YES;
				CLANG_WARN_COMMA = YES;
				CLANG_WARN_CONSTANT_CONVERSION = YES;
				CLANG_WARN_DIRECT_OBJC_ISA_USAGE = YES_ERROR;
				CLANG_WARN_DOCUMENTATION_COMMENTS = YES;
				CLANG_WARN_EMPTY_BODY = YES;
				CLANG_WARN_ENUM_CONVERSION = YES;
				CLANG_WARN_INFINITE_RECURSION = YES;
				CLANG_WARN_INT_CONVERSION = YES;
				CLANG_WARN_NON_LITERAL_NULL_CONVERSION = YES;
				CLANG_WARN_OBJC_LITERAL_CONVERSION = YES;
				CLANG_WARN_OBJC_ROOT_CLASS = YES_ERROR;
				CLANG_WARN_RANGE_LOOP_ANALYSIS = YES;
				CLANG_WARN_STRICT_PROTOTYPES = YES;
				CLANG_WARN_SUSPICIOUS_MOVE = YES;
				CLANG_WARN_UNGUARDED_AVAILABILITY = YES_AGGRESSIVE;
				CLANG_WARN_UNREACHABLE_CODE = YES;
				CLANG_WARN__DUPLICATE_METHOD_MATCH = YES;
				CODE_SIGN_IDENTITY = "iPhone Developer";
				COPY_PHASE_STRIP = NO;
				DEBUG_INFORMATION_FORMAT = "dwarf-with-dsym";
				ENABLE_NS_ASSERTIONS = NO;
				ENABLE_STRICT_OBJC_MSGSEND = YES;
				GCC_C_LANGUAGE_STANDARD = gnu11;
				GCC_NO_COMMON_BLOCKS = YES;
				GCC_WARN_64_TO_32_BIT_CONVERSION = YES;
				GCC_WARN_ABOUT_RETURN_TYPE = YES_ERROR;
				GCC_WARN_UNDECLARED_SELECTOR = YES;
				GCC_WARN_UNINITIALIZED_AUTOS = YES_AGGRESSIVE;
				GCC_WARN_UNUSED_FUNCTION = YES;
				GCC_WARN_UNUSED_VARIABLE = YES;
				IPHONEOS_DEPLOYMENT_TARGET = 11.2;
				MTL_ENABLE_DEBUG_INFO = NO;
				SDKROOT = iphoneos;
				SWIFT_OPTIMIZATION_LEVEL = "-Owholemodule";
				VALIDATE_PRODUCT = YES;
			};
			name = Release;
		};
		49BB17C9206D720A002F1A92 /* Debug */ = {
			isa = XCBuildConfiguration;
			buildSettings = {
				ASSETCATALOG_COMPILER_APPICON_NAME = AppIcon;
				CLANG_ENABLE_MODULES = YES;
				CODE_SIGN_STYLE = Automatic;
				INFOPLIST_FILE = DesignLibrary/Info.plist;
				LD_RUNPATH_SEARCH_PATHS = "$(inherited) @executable_path/Frameworks";
				PRODUCT_BUNDLE_IDENTIFIER = andrew.turkin.DesignLibrary;
				PRODUCT_NAME = "$(TARGET_NAME)";
				SWIFT_OPTIMIZATION_LEVEL = "-Onone";
				SWIFT_VERSION = 4.0;
				TARGETED_DEVICE_FAMILY = "1,2";
			};
			name = Debug;
		};
		49BB17CA206D720A002F1A92 /* Release */ = {
			isa = XCBuildConfiguration;
			buildSettings = {
				ASSETCATALOG_COMPILER_APPICON_NAME = AppIcon;
				CLANG_ENABLE_MODULES = YES;
				CODE_SIGN_STYLE = Automatic;
				INFOPLIST_FILE = DesignLibrary/Info.plist;
				LD_RUNPATH_SEARCH_PATHS = "$(inherited) @executable_path/Frameworks";
				PRODUCT_BUNDLE_IDENTIFIER = andrew.turkin.DesignLibrary;
				PRODUCT_NAME = "$(TARGET_NAME)";
				SWIFT_VERSION = 4.0;
				TARGETED_DEVICE_FAMILY = "1,2";
			};
			name = Release;
		};
/* End XCBuildConfiguration section */

/* Begin XCConfigurationList section */
		49BB17B1206D720A002F1A92 /* Build configuration list for PBXProject "DesignLibrary" */ = {
			isa = XCConfigurationList;
			buildConfigurations = (
				49BB17C6206D720A002F1A92 /* Debug */,
				49BB17C7206D720A002F1A92 /* Release */,
			);
			defaultConfigurationIsVisible = 0;
			defaultConfigurationName = Release;
		};
		49BB17C8206D720A002F1A92 /* Build configuration list for PBXNativeTarget "DesignLibrary" */ = {
			isa = XCConfigurationList;
			buildConfigurations = (
				49BB17C9206D720A002F1A92 /* Debug */,
				49BB17CA206D720A002F1A92 /* Release */,
			);
			defaultConfigurationIsVisible = 0;
			defaultConfigurationName = Release;
		};
/* End XCConfigurationList section */
	};
	rootObject = 49BB17AE206D720A002F1A92 /* Project object */;
}
